{
  "name": "12g-dynamic-env-vars",
  "version": "1.0.0",
  "lockfileVersion": 1,
  "requires": true,
  "dependencies": {
    "12g-cleandotenv": {
      "version": "1.0.1",
      "resolved": "https://registry.npmjs.org/12g-cleandotenv/-/12g-cleandotenv-1.0.1.tgz",
      "integrity": "sha1-G0LaTZFOmWs2bPjtbbYDrn9XDHM=",
      "requires": {
        "envfile": "2.1.1"
      }
    },
    "ambi": {
      "version": "2.5.0",
      "resolved": "https://registry.npmjs.org/ambi/-/ambi-2.5.0.tgz",
      "integrity": "sha1-fI43K+SIkRV+fOoBy2+RQ9H3QiA=",
      "requires": {
        "editions": "1.3.3",
        "typechecker": "4.4.1"
      }
    },
    "eachr": {
      "version": "3.2.0",
      "resolved": "https://registry.npmjs.org/eachr/-/eachr-3.2.0.tgz",
      "integrity": "sha1-LDXkPqCGUW95l8+At6pk1VpKRIQ=",
      "requires": {
        "editions": "1.3.3",
        "typechecker": "4.4.1"
      }
    },
    "editions": {
      "version": "1.3.3",
      "resolved": "https://registry.npmjs.org/editions/-/editions-1.3.3.tgz",
      "integrity": "sha1-CQcQG92iD6w8vjNMJ8vQaI3Jmls="
    },
    "envfile": {
      "version": "2.1.1",
      "resolved": "https://registry.npmjs.org/envfile/-/envfile-2.1.1.tgz",
      "integrity": "sha1-jlrmacHyRZ5YkJWdn4obHAXmj50=",
      "requires": {
        "ambi": "2.5.0",
        "eachr": "3.2.0",
        "editions": "1.3.3",
        "typechecker": "4.4.1"
      }
    },
    "fs": {
      "version": "0.0.1-security",
      "resolved": "https://registry.npmjs.org/fs/-/fs-0.0.1-security.tgz",
      "integrity": "sha1-invTcYa23d84E/I4WLV+yq9eQdQ="
    },
    "typechecker": {
      "version": "4.4.1",
      "resolved": "https://registry.npmjs.org/typechecker/-/typechecker-4.4.1.tgz",
      "integrity": "sha1-+XuV9RsDhBchLWd9RaNz7nvO1+Y=",
      "requires": {
        "editions": "1.3.3"
      }
    }
  }
}
